
Microsoft Visual Studio Solution File, Format Version 11.00
# Visual Studio 2010
Project("{FAE04EC0-301F-11D3-BF4B-00C04F79EFBC}") = "Speline_Master", "Assembly-CSharp.csproj", "{43739416-E876-1493-E680-03C344166A8D}"
EndProject
Global
	GlobalSection(SolutionConfigurationPlatforms) = preSolution
		Debug|Any CPU = Debug|Any CPU
		Release|Any CPU = Release|Any CPU
	EndGlobalSection
	GlobalSection(ProjectConfigurationPlatforms) = postSolution
		{43739416-E876-1493-E680-03C344166A8D}.Debug|Any CPU.ActiveCfg = Debug|Any CPU
		{43739416-E876-1493-E680-03C344166A8D}.Debug|Any CPU.Build.0 = Debug|Any CPU
		{43739416-E876-1493-E680-03C344166A8D}.Release|Any CPU.ActiveCfg = Release|Any CPU
		{43739416-E876-1493-E680-03C344166A8D}.Release|Any CPU.Build.0 = Release|Any CPU
	EndGlobalSection
	GlobalSection(SolutionProperties) = preSolution
		HideSolutionNode = FALSE
	EndGlobalSection
	GlobalSection(MonoDevelopProperties) = preSolution
		StartupItem = Assembly-CSharp.csproj
	EndGlobalSection
EndGlobal
